// !$*UTF8*$!
{
	archiveVersion = 1;
	classes = {
	};
	objectVersion = 46;
	objects = {

/* Begin PBXBuildFile section */
		D8083E0F1A27945200AFE75C /* AppDelegate.swift in Sources */ = {isa = PBXBuildFile; fileRef = D8083E0E1A27945200AFE75C /* AppDelegate.swift */; };
		D8083E111A27945200AFE75C /* ViewController.swift in Sources */ = {isa = PBXBuildFile; fileRef = D8083E101A27945200AFE75C /* ViewController.swift */; };
		D8083E141A27945200AFE75C /* Main.storyboard in Resources */ = {isa = PBXBuildFile; fileRef = D8083E121A27945200AFE75C /* Main.storyboard */; };
		D8083E161A27945200AFE75C /* Images.xcassets in Resources */ = {isa = PBXBuildFile; fileRef = D8083E151A27945200AFE75C /* Images.xcassets */; };
		D8083E191A27945200AFE75C /* LaunchScreen.xib in Resources */ = {isa = PBXBuildFile; fileRef = D8083E171A27945200AFE75C /* LaunchScreen.xib */; };
		D8083E251A27945200AFE75C /* PostcardTests.swift in Sources */ = {isa = PBXBuildFile; fileRef = D8083E241A27945200AFE75C /* PostcardTests.swift */; };
		D89C6F8A1A2E44B400008BA0 /* AlbertEinsteinStamp.jpg in Resources */ = {isa = PBXBuildFile; fileRef = D89C6F891A2E44B400008BA0 /* AlbertEinsteinStamp.jpg */; };
		D8EDD2451A2CFA960099F237 /* SagradaFamilia.jpeg in Resources */ = {isa = PBXBuildFile; fileRef = D8EDD2441A2CFA960099F237 /* SagradaFamilia.jpeg */; };
/* End PBXBuildFile section */

/* Begin PBXContainerItemProxy section */
		D8083E1F1A27945200AFE75C /* PBXContainerItemProxy */ = {
			isa = PBXContainerItemProxy;
			containerPortal = D8083E011A27945200AFE75C /* Project object */;
			proxyType = 1;
			remoteGlobalIDString = D8083E081A27945200AFE75C;
			remoteInfo = Postcard;
		};
/* End PBXContainerItemProxy section */

/* Begin PBXFileReference section */
		D8083E091A27945200AFE75C /* Postcard.app */ = {isa = PBXFileReference; explicitFileType = wrapper.application; includeInIndex = 0; path = Postcard.app; sourceTree = BUILT_PRODUCTS_DIR; };
		D8083E0D1A27945200AFE75C /* Info.plist */ = {isa = PBXFileReference; lastKnownFileType = text.plist.xml; path = Info.plist; sourceTree = "<group>"; };
		D8083E0E1A27945200AFE75C /* AppDelegate.swift */ = {isa = PBXFileReference; lastKnownFileType = sourcecode.swift; path = AppDelegate.swift; sourceTree = "<group>"; };
		D8083E101A27945200AFE75C /* ViewController.swift */ = {isa = PBXFileReference; lastKnownFileType = sourcecode.swift; path = ViewController.swift; sourceTree = "<group>"; };
		D8083E131A27945200AFE75C /* Base */ = {isa = PBXFileReference; lastKnownFileType = file.storyboard; name = Base; path = Base.lproj/Main.storyboard; sourceTree = "<group>"; };
		D8083E151A27945200AFE75C /* Images.xcassets */ = {isa = PBXFileReference; lastKnownFileType = folder.assetcatalog; path = Images.xcassets; sourceTree = "<group>"; };
		D8083E181A27945200AFE75C /* Base */ = {isa = PBXFileReference; lastKnownFileType = file.xib; name = Base; path = Base.lproj/LaunchScreen.xib; sourceTree = "<group>"; };
		D8083E1E1A27945200AFE75C /* PostcardTests.xctest */ = {isa = PBXFileReference; explicitFileType = wrapper.cfbundle; includeInIndex = 0; path = PostcardTests.xctest; sourceTree = BUILT_PRODUCTS_DIR; };
		D8083E231A27945200AFE75C /* Info.plist */ = {isa = PBXFileReference; lastKnownFileType = text.plist.xml; path = Info.plist; sourceTree = "<group>"; };
		D8083E241A27945200AFE75C /* PostcardTests.swift */ = {isa = PBXFileReference; lastKnownFileType = sourcecode.swift; path = PostcardTests.swift; sourceTree = "<group>"; };
		D89C6F891A2E44B400008BA0 /* AlbertEinsteinStamp.jpg */ = {isa = PBXFileReference; lastKnownFileType = image.jpeg; path = AlbertEinsteinStamp.jpg; sourceTree = "<group>"; };
		D8EDD2441A2CFA960099F237 /* SagradaFamilia.jpeg */ = {isa = PBXFileReference; lastKnownFileType = image.jpeg; path = SagradaFamilia.jpeg; sourceTree = "<group>"; };
/* End PBXFileReference section */

/* Begin PBXFrameworksBuildPhase section */
		D8083E061A27945200AFE75C /* Frameworks */ = {
			isa = PBXFrameworksBuildPhase;
			buildActionMask = 2147483647;
			files = (
			);
			runOnlyForDeploymentPostprocessing = 0;
		};
		D8083E1B1A27945200AFE75C /* Frameworks */ = {
			isa = PBXFrameworksBuildPhase;
			buildActionMask = 2147483647;
			files = (
			);
			runOnlyForDeploymentPostprocessing = 0;
		};
/* End PBXFrameworksBuildPhase section */

/* Begin PBXGroup section */
		D8083E001A27945200AFE75C = {
			isa = PBXGroup;
			children = (
				D8083E0B1A27945200AFE75C /* Postcard */,
				D8083E211A27945200AFE75C /* PostcardTests */,
				D8083E0A1A27945200AFE75C /* Products */,
			);
			sourceTree = "<group>";
		};
		D8083E0A1A27945200AFE75C /* Products */ = {
			isa = PBXGroup;
			children = (
				D8083E091A27945200AFE75C /* Postcard.app */,
				D8083E1E1A27945200AFE75C /* PostcardTests.xctest */,
			);
			name = Products;
			sourceTree = "<group>";
		};
		D8083E0B1A27945200AFE75C /* Postcard */ = {
			isa = PBXGroup;
			children = (
				D8083E0E1A27945200AFE75C /* AppDelegate.swift */,
				D8083E101A27945200AFE75C /* ViewController.swift */,
				D8083E121A27945200AFE75C /* Main.storyboard */,
				D8083E151A27945200AFE75C /* Images.xcassets */,
				D8083E171A27945200AFE75C /* LaunchScreen.xib */,
				D8083E0C1A27945200AFE75C /* Supporting Files */,
			);
			path = Postcard;
			sourceTree = "<group>";
		};
		D8083E0C1A27945200AFE75C /* Supporting Files */ = {
			isa = PBXGroup;
			children = (
				D8083E0D1A27945200AFE75C /* Info.plist */,
			);
			name = "Supporting Files";
			sourceTree = "<group>";
		};
		D8083E211A27945200AFE75C /* PostcardTests */ = {
			isa = PBXGroup;
			children = (
				D8083E241A27945200AFE75C /* PostcardTests.swift */,
				D8083E221A27945200AFE75C /* Supporting Files */,
			);
			path = PostcardTests;
			sourceTree = "<group>";
		};
		D8083E221A27945200AFE75C /* Supporting Files */ = {
			isa = PBXGroup;
			children = (
				D89C6F891A2E44B400008BA0 /* AlbertEinsteinStamp.jpg */,
				D8EDD2441A2CFA960099F237 /* SagradaFamilia.jpeg */,
				D8083E231A27945200AFE75C /* Info.plist */,
			);
			name = "Supporting Files";
			sourceTree = "<group>";
		};
/* End PBXGroup section */

/* Begin PBXNativeTarget section */
		D8083E081A27945200AFE75C /* Postcard */ = {
			isa = PBXNativeTarget;
			buildConfigurationList = D8083E281A27945200AFE75C /* Build configuration list for PBXNativeTarget "Postcard" */;
			buildPhases = (
				D8083E051A27945200AFE75C /* Sources */,
				D8083E061A27945200AFE75C /* Frameworks */,
				D8083E071A27945200AFE75C /* Resources */,
			);
			buildRules = (
			);
			dependencies = (
			);
			name = Postcard;
			productName = Postcard;
			productReference = D8083E091A27945200AFE75C /* Postcard.app */;
			productType = "com.apple.product-type.application";
		};
		D8083E1D1A27945200AFE75C /* PostcardTests */ = {
			isa = PBXNativeTarget;
			buildConfigurationList = D8083E2B1A27945200AFE75C /* Build configuration list for PBXNativeTarget "PostcardTests" */;
			buildPhases = (
				D8083E1A1A27945200AFE75C /* Sources */,
				D8083E1B1A27945200AFE75C /* Frameworks */,
				D8083E1C1A27945200AFE75C /* Resources */,
			);
			buildRules = (
			);
			dependencies = (
				D8083E201A27945200AFE75C /* PBXTargetDependency */,
			);
			name = PostcardTests;
			productName = PostcardTests;
			productReference = D8083E1E1A27945200AFE75C /* PostcardTests.xctest */;
			productType = "com.apple.product-type.bundle.unit-test";
		};
/* End PBXNativeTarget section */

/* Begin PBXProject section */
		D8083E011A27945200AFE75C /* Project object */ = {
			isa = PBXProject;
			attributes = {
				LastUpgradeCheck = 0610;
				ORGANIZATIONNAME = "Angelica Gasaro";
				TargetAttributes = {
					D8083E081A27945200AFE75C = {
						CreatedOnToolsVersion = 6.1;
					};
					D8083E1D1A27945200AFE75C = {
						CreatedOnToolsVersion = 6.1;
						TestTargetID = D8083E081A27945200AFE75C;
					};
				};
			};
			buildConfigurationList = D8083E041A27945200AFE75C /* Build configuration list for PBXProject "Postcard" */;
			compatibilityVersion = "Xcode 3.2";
			developmentRegion = English;
			hasScannedForEncodings = 0;
			knownRegions = (
				en,
				Base,
			);
			mainGroup = D8083E001A27945200AFE75C;
			productRefGroup = D8083E0A1A27945200AFE75C /* Products */;
			projectDirPath = "";
			projectRoot = "";
			targets = (
				D8083E081A27945200AFE75C /* Postcard */,
				D8083E1D1A27945200AFE75C /* PostcardTests */,
			);
		};
/* End PBXProject section */

/* Begin PBXResourcesBuildPhase section */
		D8083E071A27945200AFE75C /* Resources */ = {
			isa = PBXResourcesBuildPhase;
			buildActionMask = 2147483647;
			files = (
				D8083E141A27945200AFE75C /* Main.storyboard in Resources */,
				D8EDD2451A2CFA960099F237 /* SagradaFamilia.jpeg in Resources */,
				D89C6F8A1A2E44B400008BA0 /* AlbertEinsteinStamp.jpg in Resources */,
				D8083E191A27945200AFE75C /* LaunchScreen.xib in Resources */,
				D8083E161A27945200AFE75C /* Images.xcassets in Resources */,
			);
			runOnlyForDeploymentPostprocessing = 0;
		};
		D8083E1C1A27945200AFE75C /* Resources */ = {
			isa = PBXResourcesBuildPhase;
			buildActionMask = 2147483647;
			files = (
			);
			runOnlyForDeploymentPostprocessing = 0;
		};
/* End PBXResourcesBuildPhase section */

/* Begin PBXSourcesBuildPhase section */
		D8083E051A27945200AFE75C /* Sources */ = {
			isa = PBXSourcesBuildPhase;
			buildActionMask = 2147483647;
			files = (
				D8083E111A27945200AFE75C /* ViewController.swift in Sources */,
				D8083E0F1A27945200AFE75C /* AppDelegate.swift in Sources */,
			);
			runOnlyForDeploymentPostprocessing = 0;
		};
		D8083E1A1A27945200AFE75C /* Sources */ = {
			isa = PBXSourcesBuildPhase;
			buildActionMask = 2147483647;
			files = (
				D8083E251A27945200AFE75C /* PostcardTests.swift in Sources */,
			);
			runOnlyForDeploymentPostprocessing = 0;
		};
/* End PBXSourcesBuildPhase section */

/* Begin PBXTargetDependency section */
		D8083E201A27945200AFE75C /* PBXTargetDependency */ = {
			isa = PBXTargetDependency;
			target = D8083E081A27945200AFE75C /* Postcard */;
			targetProxy = D8083E1F1A27945200AFE75C /* PBXContainerItemProxy */;
		};
/* End PBXTargetDependency section */

/* Begin PBXVariantGroup section */
		D8083E121A27945200AFE75C /* Main.storyboard */ = {
			isa = PBXVariantGroup;
			children = (
				D8083E131A27945200AFE75C /* Base */,
			);
			name = Main.storyboard;
			sourceTree = "<group>";
		};
		D8083E171A27945200AFE75C /* LaunchScreen.xib */ = {
			isa = PBXVariantGroup;
			children = (
				D8083E181A27945200AFE75C /* Base */,
			);
			name = LaunchScreen.xib;
			sourceTree = "<group>";
		};
/* End PBXVariantGroup section */

/* Begin XCBuildConfiguration section */
		D8083E261A27945200AFE75C /* Debug */ = {
			isa = XCBuildConfiguration;
			buildSettings = {
				ALWAYS_SEARCH_USER_PATHS = NO;
				CLANG_CXX_LANGUAGE_STANDARD = "gnu++0x";
				CLANG_CXX_LIBRARY = "libc++";
				CLANG_ENABLE_MODULES = YES;
				CLANG_ENABLE_OBJC_ARC = YES;
				CLANG_WARN_BOOL_CONVERSION = YES;
				CLANG_WARN_CONSTANT_CONVERSION = YES;
				CLANG_WARN_DIRECT_OBJC_ISA_USAGE = YES_ERROR;
				CLANG_WARN_EMPTY_BODY = YES;
				CLANG_WARN_ENUM_CONVERSION = YES;
				CLANG_WARN_INT_CONVERSION = YES;
				CLANG_WARN_OBJC_ROOT_CLASS = YES_ERROR;
				CLANG_WARN_UNREACHABLE_CODE = YES;
				CLANG_WARN__DUPLICATE_METHOD_MATCH = YES;
				"CODE_SIGN_IDENTITY[sdk=iphoneos*]" = "iPhone Developer";
				COPY_PHASE_STRIP = NO;
				ENABLE_STRICT_OBJC_MSGSEND = YES;
				GCC_C_LANGUAGE_STANDARD = gnu99;
				GCC_DYNAMIC_NO_PIC = NO;
				GCC_OPTIMIZATION_LEVEL = 0;
				GCC_PREPROCESSOR_DEFINITIONS = (
					"DEBUG=1",
					"$(inherited)",
				);
				GCC_SYMBOLS_PRIVATE_EXTERN = NO;
				GCC_WARN_64_TO_32_BIT_CONVERSION = YES;
				GCC_WARN_ABOUT_RETURN_TYPE = YES_ERROR;
				GCC_WARN_UNDECLARED_SELECTOR = YES;
				GCC_WARN_UNINITIALIZED_AUTOS = YES_AGGRESSIVE;
				GCC_WARN_UNUSED_FUNCTION = YES;
				GCC_WARN_UNUSED_VARIABLE = YES;
				IPHONEOS_DEPLOYMENT_TARGET = 8.1;
				MTL_ENABLE_DEBUG_INFO = YES;
				ONLY_ACTIVE_ARCH = YES;
				SDKROOT = iphoneos;
				SWIFT_OPTIMIZATION_LEVEL = "-Onone";
				TARGETED_DEVICE_FAMILY = "1,2";
			};
			name = Debug;
		};
		D8083E271A27945200AFE75C /* Release */ = {
			isa = XCBuildConfiguration;
			buildSettings = {
				ALWAYS_SEARCH_USER_PATHS = NO;
				CLANG_CXX_LANGUAGE_STANDARD = "gnu++0x";
				CLANG_CXX_LIBRARY = "libc++";
				CLANG_ENABLE_MODULES = YES;
				CLANG_ENABLE_OBJC_ARC = YES;
				CLANG_WARN_BOOL_CONVERSION = YES;
				CLANG_WARN_CONSTANT_CONVERSION = YES;
				CLANG_WARN_DIRECT_OBJC_ISA_USAGE = YES_ERROR;
				CLANG_WARN_EMPTY_BODY = YES;
				CLANG_WARN_ENUM_CONVERSION = YES;
				CLANG_WARN_INT_CONVERSION = YES;
				CLANG_WARN_OBJC_ROOT_CLASS = YES_ERROR;
				CLANG_WARN_UNREACHABLE_CODE = YES;
				CLANG_WARN__DUPLICATE_METHOD_MATCH = YES;
				"CODE_SIGN_IDENTITY[sdk=iphoneos*]" = "iPhone Developer";
				COPY_PHASE_STRIP = YES;
				ENABLE_NS_ASSERTIONS = NO;
				ENABLE_STRICT_OBJC_MSGSEND = YES;
				GCC_C_LANGUAGE_STANDARD = gnu99;
				GCC_WARN_64_TO_32_BIT_CONVERSION = YES;
				GCC_WARN_ABOUT_RETURN_TYPE = YES_ERROR;
				GCC_WARN_UNDECLARED_SELECTOR = YES;
				GCC_WARN_UNINITIALIZED_AUTOS = YES_AGGRESSIVE;
				GCC_WARN_UNUSED_FUNCTION = YES;
				GCC_WARN_UNUSED_VARIABLE = YES;
				IPHONEOS_DEPLOYMENT_TARGET = 8.1;
				MTL_ENABLE_DEBUG_INFO = NO;
				SDKROOT = iphoneos;
				TARGETED_DEVICE_FAMILY = "1,2";
				VALIDATE_PRODUCT = YES;
			};
			name = Release;
		};
		D8083E291A27945200AFE75C /* Debug */ = {
			isa = XCBuildConfiguration;
			buildSettings = {
				ASSETCATALOG_COMPILER_APPICON_NAME = AppIcon;
				INFOPLIST_FILE = Postcard/Info.plist;
				LD_RUNPATH_SEARCH_PATHS = "$(inherited) @executable_path/Frameworks";
				PRODUCT_NAME = "$(TARGET_NAME)";
			};
			name = Debug;
		};
		D8083E2A1A27945200AFE75C /* Release */ = {
			isa = XCBuildConfiguration;
			buildSettings = {
				ASSETCATALOG_COMPILER_APPICON_NAME = AppIcon;
				INFOPLIST_FILE = Postcard/Info.plist;
				LD_RUNPATH_SEARCH_PATHS = "$(inherited) @executable_path/Frameworks";
				PRODUCT_NAME = "$(TARGET_NAME)";
			};
			name = Release;
		};
		D8083E2C1A27945200AFE75C /* Debug */ = {
			isa = XCBuildConfiguration;
			buildSettings = {
				BUNDLE_LOADER = "$(TEST_HOST)";
				FRAMEWORK_SEARCH_PATHS = (
					"$(SDKROOT)/Developer/Library/Frameworks",
					"$(inherited)",
				);
				GCC_PREPROCESSOR_DEFINITIONS = (
					"DEBUG=1",
					"$(inherited)",
				);
				INFOPLIST_FILE = PostcardTests/Info.plist;
				LD_RUNPATH_SEARCH_PATHS = "$(inherited) @executable_path/Frameworks @loader_path/Frameworks";
				PRODUCT_NAME = "$(TARGET_NAME)";
				TEST_HOST = "$(BUILT_PRODUCTS_DIR)/Postcard.app/Postcard";
			};
			name = Debug;
		};
		D8083E2D1A27945200AFE75C /* Release */ = {
			isa = XCBuildConfiguration;
			buildSettings = {
				BUNDLE_LOADER = "$(TEST_HOST)";
				FRAMEWORK_SEARCH_PATHS = (
					"$(SDKROOT)/Developer/Library/Frameworks",
					"$(inherited)",
				);
				INFOPLIST_FILE = PostcardTests/Info.plist;
				LD_RUNPATH_SEARCH_PATHS = "$(inherited) @executable_path/Frameworks @loader_path/Frameworks";
				PRODUCT_NAME = "$(TARGET_NAME)";
				TEST_HOST = "$(BUILT_PRODUCTS_DIR)/Postcard.app/Postcard";
			};
			name = Release;
		};
/* End XCBuildConfiguration section */

/* Begin XCConfigurationList section */
		D8083E041A27945200AFE75C /* Build configuration list for PBXProject "Postcard" */ = {
			isa = XCConfigurationList;
			buildConfigurations = (
				D8083E261A27945200AFE75C /* Debug */,
				D8083E271A27945200AFE75C /* Release */,
			);
			defaultConfigurationIsVisible = 0;
			defaultConfigurationName = Release;
		};
		D8083E281A27945200AFE75C /* Build configuration list for PBXNativeTarget "Postcard" */ = {
			isa = XCConfigurationList;
			buildConfigurations = (
				D8083E291A27945200AFE75C /* Debug */,
				D8083E2A1A27945200AFE75C /* Release */,
			);
			defaultConfigurationIsVisible = 0;
			defaultConfigurationName = Release;
		};
		D8083E2B1A27945200AFE75C /* Build configuration list for PBXNativeTarget "PostcardTests" */ = {
			isa = XCConfigurationList;
			buildConfigurations = (
				D8083E2C1A27945200AFE75C /* Debug */,
				D8083E2D1A27945200AFE75C /* Release */,
			);
			defaultConfigurationIsVisible = 0;
			defaultConfigurationName = Release;
		};
/* End XCConfigurationList section */
	};
	rootObject = D8083E011A27945200AFE75C /* Project object */;
}
